// !$*UTF8*$!
{
	archiveVersion = 1;
	classes = {
	};
	objectVersion = 55;
	objects = {

/* Begin PBXBuildFile section */
		B64B2DDC281173E100715BBB /* LoggedHabit.swift in Sources */ = {isa = PBXBuildFile; fileRef = B64B2DDB281173E100715BBB /* LoggedHabit.swift */; };
		B64B2DDE2811769600715BBB /* LeaderboardHabitCollectionViewCell.swift in Sources */ = {isa = PBXBuildFile; fileRef = B64B2DDD2811769600715BBB /* LeaderboardHabitCollectionViewCell.swift */; };
		B64B2DE0281178BF00715BBB /* FollowedUserCollectionViewCell.swift in Sources */ = {isa = PBXBuildFile; fileRef = B64B2DDF281178BF00715BBB /* FollowedUserCollectionViewCell.swift */; };
		B64B2DE228117CAC00715BBB /* CombinedStatistics.swift in Sources */ = {isa = PBXBuildFile; fileRef = B64B2DE128117CAC00715BBB /* CombinedStatistics.swift */; };
		B6D04113281053CA00B5FA87 /* AppDelegate.swift in Sources */ = {isa = PBXBuildFile; fileRef = B6D04112281053CA00B5FA87 /* AppDelegate.swift */; };
		B6D04115281053CA00B5FA87 /* SceneDelegate.swift in Sources */ = {isa = PBXBuildFile; fileRef = B6D04114281053CA00B5FA87 /* SceneDelegate.swift */; };
		B6D0411A281053CB00B5FA87 /* Main.storyboard in Resources */ = {isa = PBXBuildFile; fileRef = B6D04118281053CB00B5FA87 /* Main.storyboard */; };
		B6D0411C281053CC00B5FA87 /* Assets.xcassets in Resources */ = {isa = PBXBuildFile; fileRef = B6D0411B281053CC00B5FA87 /* Assets.xcassets */; };
		B6D0411F281053CC00B5FA87 /* LaunchScreen.storyboard in Resources */ = {isa = PBXBuildFile; fileRef = B6D0411D281053CC00B5FA87 /* LaunchScreen.storyboard */; };
		B6D041272810572400B5FA87 /* HomeCollectionViewController.swift in Sources */ = {isa = PBXBuildFile; fileRef = B6D041262810572400B5FA87 /* HomeCollectionViewController.swift */; };
		B6D041292810573900B5FA87 /* HabitCollectionViewController.swift in Sources */ = {isa = PBXBuildFile; fileRef = B6D041282810573900B5FA87 /* HabitCollectionViewController.swift */; };
		B6D0412B2810574100B5FA87 /* UserCollectionViewController.swift in Sources */ = {isa = PBXBuildFile; fileRef = B6D0412A2810574100B5FA87 /* UserCollectionViewController.swift */; };
		B6D0412D2810574A00B5FA87 /* LogHabitCollectionViewController.swift in Sources */ = {isa = PBXBuildFile; fileRef = B6D0412C2810574A00B5FA87 /* LogHabitCollectionViewController.swift */; };
		B6D041302810587000B5FA87 /* HabitDetailViewController.swift in Sources */ = {isa = PBXBuildFile; fileRef = B6D0412F2810587000B5FA87 /* HabitDetailViewController.swift */; };
		B6D041322810587800B5FA87 /* UserDetailViewController.swift in Sources */ = {isa = PBXBuildFile; fileRef = B6D041312810587800B5FA87 /* UserDetailViewController.swift */; };
		B6D041352810A3FE00B5FA87 /* Habit.swift in Sources */ = {isa = PBXBuildFile; fileRef = B6D041342810A3FE00B5FA87 /* Habit.swift */; };
		B6D0413A2810A46200B5FA87 /* Category.swift in Sources */ = {isa = PBXBuildFile; fileRef = B6D041392810A46200B5FA87 /* Category.swift */; };
		B6D0413C2810A47500B5FA87 /* Color.swift in Sources */ = {isa = PBXBuildFile; fileRef = B6D0413B2810A47500B5FA87 /* Color.swift */; };
		B6D0413E2810A57B00B5FA87 /* APIRequest.swift in Sources */ = {isa = PBXBuildFile; fileRef = B6D0413D2810A57B00B5FA87 /* APIRequest.swift */; };
		B6D041402810A9B600B5FA87 /* APIService.swift in Sources */ = {isa = PBXBuildFile; fileRef = B6D0413F2810A9B600B5FA87 /* APIService.swift */; };
		B6D041432810B22C00B5FA87 /* Settings.swift in Sources */ = {isa = PBXBuildFile; fileRef = B6D041422810B22C00B5FA87 /* Settings.swift */; };
		B6D041452810B75900B5FA87 /* UICollectionViewDiffableDataSource+ViewModel.swift in Sources */ = {isa = PBXBuildFile; fileRef = B6D041442810B75900B5FA87 /* UICollectionViewDiffableDataSource+ViewModel.swift */; };
		B6D041472810BD8A00B5FA87 /* NamedSectionHeaderView.swift in Sources */ = {isa = PBXBuildFile; fileRef = B6D041462810BD8A00B5FA87 /* NamedSectionHeaderView.swift */; };
		B6D04149281131A100B5FA87 /* User.swift in Sources */ = {isa = PBXBuildFile; fileRef = B6D04148281131A100B5FA87 /* User.swift */; };
		B6D0414B281138B500B5FA87 /* HabitStatistics.swift in Sources */ = {isa = PBXBuildFile; fileRef = B6D0414A281138B500B5FA87 /* HabitStatistics.swift */; };
		B6D0414D281138CC00B5FA87 /* UserCount.swift in Sources */ = {isa = PBXBuildFile; fileRef = B6D0414C281138CC00B5FA87 /* UserCount.swift */; };
		B6D0414F2811635500B5FA87 /* UserStatistics.swift in Sources */ = {isa = PBXBuildFile; fileRef = B6D0414E2811635500B5FA87 /* UserStatistics.swift */; };
		B6D041512811636900B5FA87 /* HabitCount.swift in Sources */ = {isa = PBXBuildFile; fileRef = B6D041502811636900B5FA87 /* HabitCount.swift */; };
/* End PBXBuildFile section */

/* Begin PBXFileReference section */
		B64B2DDB281173E100715BBB /* LoggedHabit.swift */ = {isa = PBXFileReference; lastKnownFileType = sourcecode.swift; path = LoggedHabit.swift; sourceTree = "<group>"; };
		B64B2DDD2811769600715BBB /* LeaderboardHabitCollectionViewCell.swift */ = {isa = PBXFileReference; lastKnownFileType = sourcecode.swift; path = LeaderboardHabitCollectionViewCell.swift; sourceTree = "<group>"; };
		B64B2DDF281178BF00715BBB /* FollowedUserCollectionViewCell.swift */ = {isa = PBXFileReference; lastKnownFileType = sourcecode.swift; path = FollowedUserCollectionViewCell.swift; sourceTree = "<group>"; };
		B64B2DE128117CAC00715BBB /* CombinedStatistics.swift */ = {isa = PBXFileReference; lastKnownFileType = sourcecode.swift; path = CombinedStatistics.swift; sourceTree = "<group>"; };
		B6D0410F281053CA00B5FA87 /* Habits.app */ = {isa = PBXFileReference; explicitFileType = wrapper.application; includeInIndex = 0; path = Habits.app; sourceTree = BUILT_PRODUCTS_DIR; };
		B6D04112281053CA00B5FA87 /* AppDelegate.swift */ = {isa = PBXFileReference; lastKnownFileType = sourcecode.swift; path = AppDelegate.swift; sourceTree = "<group>"; };
		B6D04114281053CA00B5FA87 /* SceneDelegate.swift */ = {isa = PBXFileReference; lastKnownFileType = sourcecode.swift; path = SceneDelegate.swift; sourceTree = "<group>"; };
		B6D04119281053CB00B5FA87 /* Base */ = {isa = PBXFileReference; lastKnownFileType = file.storyboard; name = Base; path = Base.lproj/Main.storyboard; sourceTree = "<group>"; };
		B6D0411B281053CC00B5FA87 /* Assets.xcassets */ = {isa = PBXFileReference; lastKnownFileType = folder.assetcatalog; path = Assets.xcassets; sourceTree = "<group>"; };
		B6D0411E281053CC00B5FA87 /* Base */ = {isa = PBXFileReference; lastKnownFileType = file.storyboard; name = Base; path = Base.lproj/LaunchScreen.storyboard; sourceTree = "<group>"; };
		B6D04120281053CC00B5FA87 /* Info.plist */ = {isa = PBXFileReference; lastKnownFileType = text.plist.xml; path = Info.plist; sourceTree = "<group>"; };
		B6D041262810572400B5FA87 /* HomeCollectionViewController.swift */ = {isa = PBXFileReference; lastKnownFileType = sourcecode.swift; path = HomeCollectionViewController.swift; sourceTree = "<group>"; };
		B6D041282810573900B5FA87 /* HabitCollectionViewController.swift */ = {isa = PBXFileReference; lastKnownFileType = sourcecode.swift; path = HabitCollectionViewController.swift; sourceTree = "<group>"; };
		B6D0412A2810574100B5FA87 /* UserCollectionViewController.swift */ = {isa = PBXFileReference; lastKnownFileType = sourcecode.swift; path = UserCollectionViewController.swift; sourceTree = "<group>"; };
		B6D0412C2810574A00B5FA87 /* LogHabitCollectionViewController.swift */ = {isa = PBXFileReference; lastKnownFileType = sourcecode.swift; path = LogHabitCollectionViewController.swift; sourceTree = "<group>"; };
		B6D0412F2810587000B5FA87 /* HabitDetailViewController.swift */ = {isa = PBXFileReference; lastKnownFileType = sourcecode.swift; path = HabitDetailViewController.swift; sourceTree = "<group>"; };
		B6D041312810587800B5FA87 /* UserDetailViewController.swift */ = {isa = PBXFileReference; lastKnownFileType = sourcecode.swift; path = UserDetailViewController.swift; sourceTree = "<group>"; };
		B6D041342810A3FE00B5FA87 /* Habit.swift */ = {isa = PBXFileReference; lastKnownFileType = sourcecode.swift; path = Habit.swift; sourceTree = "<group>"; };
		B6D041392810A46200B5FA87 /* Category.swift */ = {isa = PBXFileReference; lastKnownFileType = sourcecode.swift; path = Category.swift; sourceTree = "<group>"; };
		B6D0413B2810A47500B5FA87 /* Color.swift */ = {isa = PBXFileReference; lastKnownFileType = sourcecode.swift; path = Color.swift; sourceTree = "<group>"; };
		B6D0413D2810A57B00B5FA87 /* APIRequest.swift */ = {isa = PBXFileReference; lastKnownFileType = sourcecode.swift; path = APIRequest.swift; sourceTree = "<group>"; };
		B6D0413F2810A9B600B5FA87 /* APIService.swift */ = {isa = PBXFileReference; lastKnownFileType = sourcecode.swift; path = APIService.swift; sourceTree = "<group>"; };
		B6D041422810B22C00B5FA87 /* Settings.swift */ = {isa = PBXFileReference; lastKnownFileType = sourcecode.swift; path = Settings.swift; sourceTree = "<group>"; };
		B6D041442810B75900B5FA87 /* UICollectionViewDiffableDataSource+ViewModel.swift */ = {isa = PBXFileReference; lastKnownFileType = sourcecode.swift; path = "UICollectionViewDiffableDataSource+ViewModel.swift"; sourceTree = "<group>"; };
		B6D041462810BD8A00B5FA87 /* NamedSectionHeaderView.swift */ = {isa = PBXFileReference; lastKnownFileType = sourcecode.swift; path = NamedSectionHeaderView.swift; sourceTree = "<group>"; };
		B6D04148281131A100B5FA87 /* User.swift */ = {isa = PBXFileReference; lastKnownFileType = sourcecode.swift; path = User.swift; sourceTree = "<group>"; };
		B6D0414A281138B500B5FA87 /* HabitStatistics.swift */ = {isa = PBXFileReference; lastKnownFileType = sourcecode.swift; path = HabitStatistics.swift; sourceTree = "<group>"; };
		B6D0414C281138CC00B5FA87 /* UserCount.swift */ = {isa = PBXFileReference; lastKnownFileType = sourcecode.swift; path = UserCount.swift; sourceTree = "<group>"; };
		B6D0414E2811635500B5FA87 /* UserStatistics.swift */ = {isa = PBXFileReference; lastKnownFileType = sourcecode.swift; path = UserStatistics.swift; sourceTree = "<group>"; };
		B6D041502811636900B5FA87 /* HabitCount.swift */ = {isa = PBXFileReference; lastKnownFileType = sourcecode.swift; path = HabitCount.swift; sourceTree = "<group>"; };
/* End PBXFileReference section */

/* Begin PBXFrameworksBuildPhase section */
		B6D0410C281053CA00B5FA87 /* Frameworks */ = {
			isa = PBXFrameworksBuildPhase;
			buildActionMask = 2147483647;
			files = (
			);
			runOnlyForDeploymentPostprocessing = 0;
		};
/* End PBXFrameworksBuildPhase section */

/* Begin PBXGroup section */
		B6D04106281053CA00B5FA87 = {
			isa = PBXGroup;
			children = (
				B6D04111281053CA00B5FA87 /* Habits */,
				B6D04110281053CA00B5FA87 /* Products */,
			);
			sourceTree = "<group>";
		};
		B6D04110281053CA00B5FA87 /* Products */ = {
			isa = PBXGroup;
			children = (
				B6D0410F281053CA00B5FA87 /* Habits.app */,
			);
			name = Products;
			sourceTree = "<group>";
		};
		B6D04111281053CA00B5FA87 /* Habits */ = {
			isa = PBXGroup;
			children = (
				B6D041382810A41900B5FA87 /* Delegate */,
				B6D041362810A40400B5FA87 /* View */,
				B6D041372810A40F00B5FA87 /* Model */,
				B6D041412810A9CA00B5FA87 /* API */,
				B6D041332810587F00B5FA87 /* ViewController */,
				B6D0412E2810575700B5FA87 /* CollectionViewController */,
				B6D0411B281053CC00B5FA87 /* Assets.xcassets */,
				B6D04120281053CC00B5FA87 /* Info.plist */,
			);
			path = Habits;
			sourceTree = "<group>";
		};
		B6D0412E2810575700B5FA87 /* CollectionViewController */ = {
			isa = PBXGroup;
			children = (
				B6D041262810572400B5FA87 /* HomeCollectionViewController.swift */,
				B6D041282810573900B5FA87 /* HabitCollectionViewController.swift */,
				B6D0412A2810574100B5FA87 /* UserCollectionViewController.swift */,
				B6D0412C2810574A00B5FA87 /* LogHabitCollectionViewController.swift */,
				B64B2DDD2811769600715BBB /* LeaderboardHabitCollectionViewCell.swift */,
				B64B2DDF281178BF00715BBB /* FollowedUserCollectionViewCell.swift */,
			);
			path = CollectionViewController;
			sourceTree = "<group>";
		};
		B6D041332810587F00B5FA87 /* ViewController */ = {
			isa = PBXGroup;
			children = (
				B6D0412F2810587000B5FA87 /* HabitDetailViewController.swift */,
				B6D041312810587800B5FA87 /* UserDetailViewController.swift */,
			);
			path = ViewController;
			sourceTree = "<group>";
		};
		B6D041362810A40400B5FA87 /* View */ = {
			isa = PBXGroup;
			children = (
				B6D0411D281053CC00B5FA87 /* LaunchScreen.storyboard */,
				B6D04118281053CB00B5FA87 /* Main.storyboard */,
				B6D041442810B75900B5FA87 /* UICollectionViewDiffableDataSource+ViewModel.swift */,
				B6D041462810BD8A00B5FA87 /* NamedSectionHeaderView.swift */,
			);
			path = View;
			sourceTree = "<group>";
		};
		B6D041372810A40F00B5FA87 /* Model */ = {
			isa = PBXGroup;
			children = (
				B6D041342810A3FE00B5FA87 /* Habit.swift */,
				B6D041392810A46200B5FA87 /* Category.swift */,
				B6D0413B2810A47500B5FA87 /* Color.swift */,
				B6D041422810B22C00B5FA87 /* Settings.swift */,
				B6D04148281131A100B5FA87 /* User.swift */,
				B6D0414A281138B500B5FA87 /* HabitStatistics.swift */,
				B6D0414C281138CC00B5FA87 /* UserCount.swift */,
				B6D0414E2811635500B5FA87 /* UserStatistics.swift */,
				B6D041502811636900B5FA87 /* HabitCount.swift */,
				B64B2DDB281173E100715BBB /* LoggedHabit.swift */,
				B64B2DE128117CAC00715BBB /* CombinedStatistics.swift */,
			);
			path = Model;
			sourceTree = "<group>";
		};
		B6D041382810A41900B5FA87 /* Delegate */ = {
			isa = PBXGroup;
			children = (
				B6D04112281053CA00B5FA87 /* AppDelegate.swift */,
				B6D04114281053CA00B5FA87 /* SceneDelegate.swift */,
			);
			path = Delegate;
			sourceTree = "<group>";
		};
		B6D041412810A9CA00B5FA87 /* API */ = {
			isa = PBXGroup;
			children = (
				B6D0413D2810A57B00B5FA87 /* APIRequest.swift */,
				B6D0413F2810A9B600B5FA87 /* APIService.swift */,
			);
			path = API;
			sourceTree = "<group>";
		};
/* End PBXGroup section */

/* Begin PBXNativeTarget section */
		B6D0410E281053CA00B5FA87 /* Habits */ = {
			isa = PBXNativeTarget;
			buildConfigurationList = B6D04123281053CC00B5FA87 /* Build configuration list for PBXNativeTarget "Habits" */;
			buildPhases = (
				B6D0410B281053CA00B5FA87 /* Sources */,
				B6D0410C281053CA00B5FA87 /* Frameworks */,
				B6D0410D281053CA00B5FA87 /* Resources */,
			);
			buildRules = (
			);
			dependencies = (
			);
			name = Habits;
			productName = Habits;
			productReference = B6D0410F281053CA00B5FA87 /* Habits.app */;
			productType = "com.apple.product-type.application";
		};
/* End PBXNativeTarget section */

/* Begin PBXProject section */
		B6D04107281053CA00B5FA87 /* Project object */ = {
			isa = PBXProject;
			attributes = {
				BuildIndependentTargetsInParallel = 1;
				LastSwiftUpdateCheck = 1330;
				LastUpgradeCheck = 1330;
				TargetAttributes = {
					B6D0410E281053CA00B5FA87 = {
						CreatedOnToolsVersion = 13.3;
					};
				};
			};
			buildConfigurationList = B6D0410A281053CA00B5FA87 /* Build configuration list for PBXProject "Habits" */;
			compatibilityVersion = "Xcode 13.0";
			developmentRegion = en;
			hasScannedForEncodings = 0;
			knownRegions = (
				en,
				Base,
			);
			mainGroup = B6D04106281053CA00B5FA87;
			productRefGroup = B6D04110281053CA00B5FA87 /* Products */;
			projectDirPath = "";
			projectRoot = "";
			targets = (
				B6D0410E281053CA00B5FA87 /* Habits */,
			);
		};
/* End PBXProject section */

/* Begin PBXResourcesBuildPhase section */
		B6D0410D281053CA00B5FA87 /* Resources */ = {
			isa = PBXResourcesBuildPhase;
			buildActionMask = 2147483647;
			files = (
				B6D0411F281053CC00B5FA87 /* LaunchScreen.storyboard in Resources */,
				B6D0411C281053CC00B5FA87 /* Assets.xcassets in Resources */,
				B6D0411A281053CB00B5FA87 /* Main.storyboard in Resources */,
			);
			runOnlyForDeploymentPostprocessing = 0;
		};
/* End PBXResourcesBuildPhase section */

/* Begin PBXSourcesBuildPhase section */
		B6D0410B281053CA00B5FA87 /* Sources */ = {
			isa = PBXSourcesBuildPhase;
			buildActionMask = 2147483647;
			files = (
				B6D0414D281138CC00B5FA87 /* UserCount.swift in Sources */,
				B6D041272810572400B5FA87 /* HomeCollectionViewController.swift in Sources */,
				B64B2DDC281173E100715BBB /* LoggedHabit.swift in Sources */,
				B6D0413A2810A46200B5FA87 /* Category.swift in Sources */,
				B6D041452810B75900B5FA87 /* UICollectionViewDiffableDataSource+ViewModel.swift in Sources */,
				B6D0413C2810A47500B5FA87 /* Color.swift in Sources */,
				B6D0412B2810574100B5FA87 /* UserCollectionViewController.swift in Sources */,
				B6D041472810BD8A00B5FA87 /* NamedSectionHeaderView.swift in Sources */,
				B6D041432810B22C00B5FA87 /* Settings.swift in Sources */,
				B64B2DE0281178BF00715BBB /* FollowedUserCollectionViewCell.swift in Sources */,
				B6D04149281131A100B5FA87 /* User.swift in Sources */,
				B6D0414F2811635500B5FA87 /* UserStatistics.swift in Sources */,
				B6D041322810587800B5FA87 /* UserDetailViewController.swift in Sources */,
				B64B2DDE2811769600715BBB /* LeaderboardHabitCollectionViewCell.swift in Sources */,
				B6D041292810573900B5FA87 /* HabitCollectionViewController.swift in Sources */,
				B6D04113281053CA00B5FA87 /* AppDelegate.swift in Sources */,
				B64B2DE228117CAC00715BBB /* CombinedStatistics.swift in Sources */,
				B6D0414B281138B500B5FA87 /* HabitStatistics.swift in Sources */,
				B6D041512811636900B5FA87 /* HabitCount.swift in Sources */,
				B6D0412D2810574A00B5FA87 /* LogHabitCollectionViewController.swift in Sources */,
				B6D041352810A3FE00B5FA87 /* Habit.swift in Sources */,
				B6D041402810A9B600B5FA87 /* APIService.swift in Sources */,
				B6D041302810587000B5FA87 /* HabitDetailViewController.swift in Sources */,
				B6D0413E2810A57B00B5FA87 /* APIRequest.swift in Sources */,
				B6D04115281053CA00B5FA87 /* SceneDelegate.swift in Sources */,
			);
			runOnlyForDeploymentPostprocessing = 0;
		};
/* End PBXSourcesBuildPhase section */

/* Begin PBXVariantGroup section */
		B6D04118281053CB00B5FA87 /* Main.storyboard */ = {
			isa = PBXVariantGroup;
			children = (
				B6D04119281053CB00B5FA87 /* Base */,
			);
			name = Main.storyboard;
			sourceTree = "<group>";
		};
		B6D0411D281053CC00B5FA87 /* LaunchScreen.storyboard */ = {
			isa = PBXVariantGroup;
			children = (
				B6D0411E281053CC00B5FA87 /* Base */,
			);
			name = LaunchScreen.storyboard;
			sourceTree = "<group>";
		};
/* End PBXVariantGroup section */

/* Begin XCBuildConfiguration section */
		B6D04121281053CC00B5FA87 /* Debug */ = {
			isa = XCBuildConfiguration;
			buildSettings = {
				ALWAYS_SEARCH_USER_PATHS = NO;
				CLANG_ANALYZER_NONNULL = YES;
				CLANG_ANALYZER_NUMBER_OBJECT_CONVERSION = YES_AGGRESSIVE;
				CLANG_CXX_LANGUAGE_STANDARD = "gnu++17";
				CLANG_ENABLE_MODULES = YES;
				CLANG_ENABLE_OBJC_ARC = YES;
				CLANG_ENABLE_OBJC_WEAK = YES;
				CLANG_WARN_BLOCK_CAPTURE_AUTORELEASING = YES;
				CLANG_WARN_BOOL_CONVERSION = YES;
				CLANG_WARN_COMMA = YES;
				CLANG_WARN_CONSTANT_CONVERSION = YES;
				CLANG_WARN_DEPRECATED_OBJC_IMPLEMENTATIONS = YES;
				CLANG_WARN_DIRECT_OBJC_ISA_USAGE = YES_ERROR;
				CLANG_WARN_DOCUMENTATION_COMMENTS = YES;
				CLANG_WARN_EMPTY_BODY = YES;
				CLANG_WARN_ENUM_CONVERSION = YES;
				CLANG_WARN_INFINITE_RECURSION = YES;
				CLANG_WARN_INT_CONVERSION = YES;
				CLANG_WARN_NON_LITERAL_NULL_CONVERSION = YES;
				CLANG_WARN_OBJC_IMPLICIT_RETAIN_SELF = YES;
				CLANG_WARN_OBJC_LITERAL_CONVERSION = YES;
				CLANG_WARN_OBJC_ROOT_CLASS = YES_ERROR;
				CLANG_WARN_QUOTED_INCLUDE_IN_FRAMEWORK_HEADER = YES;
				CLANG_WARN_RANGE_LOOP_ANALYSIS = YES;
				CLANG_WARN_STRICT_PROTOTYPES = YES;
				CLANG_WARN_SUSPICIOUS_MOVE = YES;
				CLANG_WARN_UNGUARDED_AVAILABILITY = YES_AGGRESSIVE;
				CLANG_WARN_UNREACHABLE_CODE = YES;
				CLANG_WARN__DUPLICATE_METHOD_MATCH = YES;
				COPY_PHASE_STRIP = NO;
				DEBUG_INFORMATION_FORMAT = dwarf;
				ENABLE_STRICT_OBJC_MSGSEND = YES;
				ENABLE_TESTABILITY = YES;
				GCC_C_LANGUAGE_STANDARD = gnu11;
				GCC_DYNAMIC_NO_PIC = NO;
				GCC_NO_COMMON_BLOCKS = YES;
				GCC_OPTIMIZATION_LEVEL = 0;
				GCC_PREPROCESSOR_DEFINITIONS = (
					"DEBUG=1",
					"$(inherited)",
				);
				GCC_WARN_64_TO_32_BIT_CONVERSION = YES;
				GCC_WARN_ABOUT_RETURN_TYPE = YES_ERROR;
				GCC_WARN_UNDECLARED_SELECTOR = YES;
				GCC_WARN_UNINITIALIZED_AUTOS = YES_AGGRESSIVE;
				GCC_WARN_UNUSED_FUNCTION = YES;
				GCC_WARN_UNUSED_VARIABLE = YES;
				IPHONEOS_DEPLOYMENT_TARGET = 15.4;
				MTL_ENABLE_DEBUG_INFO = INCLUDE_SOURCE;
				MTL_FAST_MATH = YES;
				ONLY_ACTIVE_ARCH = YES;
				SDKROOT = iphoneos;
				SWIFT_ACTIVE_COMPILATION_CONDITIONS = DEBUG;
				SWIFT_OPTIMIZATION_LEVEL = "-Onone";
			};
			name = Debug;
		};
		B6D04122281053CC00B5FA87 /* Release */ = {
			isa = XCBuildConfiguration;
			buildSettings = {
				ALWAYS_SEARCH_USER_PATHS = NO;
				CLANG_ANALYZER_NONNULL = YES;
				CLANG_ANALYZER_NUMBER_OBJECT_CONVERSION = YES_AGGRESSIVE;
				CLANG_CXX_LANGUAGE_STANDARD = "gnu++17";
				CLANG_ENABLE_MODULES = YES;
				CLANG_ENABLE_OBJC_ARC = YES;
				CLANG_ENABLE_OBJC_WEAK = YES;
				CLANG_WARN_BLOCK_CAPTURE_AUTORELEASING = YES;
				CLANG_WARN_BOOL_CONVERSION = YES;
				CLANG_WARN_COMMA = YES;
				CLANG_WARN_CONSTANT_CONVERSION = YES;
				CLANG_WARN_DEPRECATED_OBJC_IMPLEMENTATIONS = YES;
				CLANG_WARN_DIRECT_OBJC_ISA_USAGE = YES_ERROR;
				CLANG_WARN_DOCUMENTATION_COMMENTS = YES;
				CLANG_WARN_EMPTY_BODY = YES;
				CLANG_WARN_ENUM_CONVERSION = YES;
				CLANG_WARN_INFINITE_RECURSION = YES;
				CLANG_WARN_INT_CONVERSION = YES;
				CLANG_WARN_NON_LITERAL_NULL_CONVERSION = YES;
				CLANG_WARN_OBJC_IMPLICIT_RETAIN_SELF = YES;
				CLANG_WARN_OBJC_LITERAL_CONVERSION = YES;
				CLANG_WARN_OBJC_ROOT_CLASS = YES_ERROR;
				CLANG_WARN_QUOTED_INCLUDE_IN_FRAMEWORK_HEADER = YES;
				CLANG_WARN_RANGE_LOOP_ANALYSIS = YES;
				CLANG_WARN_STRICT_PROTOTYPES = YES;
				CLANG_WARN_SUSPICIOUS_MOVE = YES;
				CLANG_WARN_UNGUARDED_AVAILABILITY = YES_AGGRESSIVE;
				CLANG_WARN_UNREACHABLE_CODE = YES;
				CLANG_WARN__DUPLICATE_METHOD_MATCH = YES;
				COPY_PHASE_STRIP = NO;
				DEBUG_INFORMATION_FORMAT = "dwarf-with-dsym";
				ENABLE_NS_ASSERTIONS = NO;
				ENABLE_STRICT_OBJC_MSGSEND = YES;
				GCC_C_LANGUAGE_STANDARD = gnu11;
				GCC_NO_COMMON_BLOCKS = YES;
				GCC_WARN_64_TO_32_BIT_CONVERSION = YES;
				GCC_WARN_ABOUT_RETURN_TYPE = YES_ERROR;
				GCC_WARN_UNDECLARED_SELECTOR = YES;
				GCC_WARN_UNINITIALIZED_AUTOS = YES_AGGRESSIVE;
				GCC_WARN_UNUSED_FUNCTION = YES;
				GCC_WARN_UNUSED_VARIABLE = YES;
				IPHONEOS_DEPLOYMENT_TARGET = 15.4;
				MTL_ENABLE_DEBUG_INFO = NO;
				MTL_FAST_MATH = YES;
				SDKROOT = iphoneos;
				SWIFT_COMPILATION_MODE = wholemodule;
				SWIFT_OPTIMIZATION_LEVEL = "-O";
				VALIDATE_PRODUCT = YES;
			};
			name = Release;
		};
		B6D04124281053CC00B5FA87 /* Debug */ = {
			isa = XCBuildConfiguration;
			buildSettings = {
				ASSETCATALOG_COMPILER_APPICON_NAME = AppIcon;
				ASSETCATALOG_COMPILER_GLOBAL_ACCENT_COLOR_NAME = AccentColor;
				CODE_SIGN_STYLE = Automatic;
				CURRENT_PROJECT_VERSION = 1;
				DEVELOPMENT_TEAM = P433G7GD7J;
				GENERATE_INFOPLIST_FILE = YES;
				INFOPLIST_FILE = Habits/Info.plist;
				INFOPLIST_KEY_UIApplicationSupportsIndirectInputEvents = YES;
				INFOPLIST_KEY_UILaunchStoryboardName = LaunchScreen;
				INFOPLIST_KEY_UIMainStoryboardFile = Main;
				INFOPLIST_KEY_UISupportedInterfaceOrientations_iPad = "UIInterfaceOrientationPortrait UIInterfaceOrientationPortraitUpsideDown UIInterfaceOrientationLandscapeLeft UIInterfaceOrientationLandscapeRight";
				INFOPLIST_KEY_UISupportedInterfaceOrientations_iPhone = "UIInterfaceOrientationPortrait UIInterfaceOrientationLandscapeLeft UIInterfaceOrientationLandscapeRight";
				LD_RUNPATH_SEARCH_PATHS = (
					"$(inherited)",
					"@executable_path/Frameworks",
				);
				MARKETING_VERSION = 1.0;
				PRODUCT_BUNDLE_IDENTIFIER = com.shabalin13.Habits;
				PRODUCT_NAME = "$(TARGET_NAME)";
				SWIFT_EMIT_LOC_STRINGS = YES;
				SWIFT_VERSION = 5.0;
				TARGETED_DEVICE_FAMILY = "1,2";
			};
			name = Debug;
		};
		B6D04125281053CC00B5FA87 /* Release */ = {
			isa = XCBuildConfiguration;
			buildSettings = {
				ASSETCATALOG_COMPILER_APPICON_NAME = AppIcon;
				ASSETCATALOG_COMPILER_GLOBAL_ACCENT_COLOR_NAME = AccentColor;
				CODE_SIGN_STYLE = Automatic;
				CURRENT_PROJECT_VERSION = 1;
				DEVELOPMENT_TEAM = P433G7GD7J;
				GENERATE_INFOPLIST_FILE = YES;
				INFOPLIST_FILE = Habits/Info.plist;
				INFOPLIST_KEY_UIApplicationSupportsIndirectInputEvents = YES;
				INFOPLIST_KEY_UILaunchStoryboardName = LaunchScreen;
				INFOPLIST_KEY_UIMainStoryboardFile = Main;
				INFOPLIST_KEY_UISupportedInterfaceOrientations_iPad = "UIInterfaceOrientationPortrait UIInterfaceOrientationPortraitUpsideDown UIInterfaceOrientationLandscapeLeft UIInterfaceOrientationLandscapeRight";
				INFOPLIST_KEY_UISupportedInterfaceOrientations_iPhone = "UIInterfaceOrientationPortrait UIInterfaceOrientationLandscapeLeft UIInterfaceOrientationLandscapeRight";
				LD_RUNPATH_SEARCH_PATHS = (
					"$(inherited)",
					"@executable_path/Frameworks",
				);
				MARKETING_VERSION = 1.0;
				PRODUCT_BUNDLE_IDENTIFIER = com.shabalin13.Habits;
				PRODUCT_NAME = "$(TARGET_NAME)";
				SWIFT_EMIT_LOC_STRINGS = YES;
				SWIFT_VERSION = 5.0;
				TARGETED_DEVICE_FAMILY = "1,2";
			};
			name = Release;
		};
/* End XCBuildConfiguration section */

/* Begin XCConfigurationList section */
		B6D0410A281053CA00B5FA87 /* Build configuration list for PBXProject "Habits" */ = {
			isa = XCConfigurationList;
			buildConfigurations = (
				B6D04121281053CC00B5FA87 /* Debug */,
				B6D04122281053CC00B5FA87 /* Release */,
			);
			defaultConfigurationIsVisible = 0;
			defaultConfigurationName = Release;
		};
		B6D04123281053CC00B5FA87 /* Build configuration list for PBXNativeTarget "Habits" */ = {
			isa = XCConfigurationList;
			buildConfigurations = (
				B6D04124281053CC00B5FA87 /* Debug */,
				B6D04125281053CC00B5FA87 /* Release */,
			);
			defaultConfigurationIsVisible = 0;
			defaultConfigurationName = Release;
		};
/* End XCConfigurationList section */
	};
	rootObject = B6D04107281053CA00B5FA87 /* Project object */;
}
